<?xml version="1.0" encoding="utf-8"?>
<Project ToolsVersion="4.0" xmlns="http://schemas.microsoft.com/developer/msbuild/2003">
  <ItemGroup>
    <ClCompile Include="main.cpp" />
    <ClCompile Include="Base\Base.cpp">
      <Filter>Base</Filter>
    </ClCompile>
    <ClCompile Include="Game\Player.cpp">
      <Filter>Game</Filter>
    </ClCompile>
    <ClCompile Include="Game\Enemy.cpp">
      <Filter>Game</Filter>
    </ClCompile>
    <ClCompile Include="Game\Bullet.cpp">
      <Filter>Game</Filter>
    </ClCompile>
    <ClCompile Include="Game\Map.cpp">
      <Filter>Game</Filter>
    </ClCompile>
    <ClCompile Include="Title\Title.cpp">
      <Filter>Title</Filter>
    </ClCompile>
    <ClCompile Include="Game\Game.cpp">
      <Filter>Game</Filter>
    </ClCompile>
    <ClCompile Include="Game\Game2.cpp">
      <Filter>Game</Filter>
    </ClCompile>
    <ClCompile Include="Game\Game3.cpp">
      <Filter>Game</Filter>
    </ClCompile>
    <ClCompile Include="Game\Bullet2.cpp">
      <Filter>Game</Filter>
    </ClCompile>
    <ClCompile Include="Game\Enemy2.cpp">
      <Filter>Game</Filter>
    </ClCompile>
    <ClCompile Include="Game\Player2.cpp">
      <Filter>Game</Filter>
    </ClCompile>
    <ClCompile Include="Game\Game4.cpp">
      <Filter>Game</Filter>
    </ClCompile>
    <ClCompile Include="Game\Game5.cpp">
      <Filter>Game</Filter>
    </ClCompile>
    <ClCompile Include="Game\Boss.cpp">
      <Filter>Game</Filter>
    </ClCompile>
    <ClCompile Include="Game\Stage.cpp">
      <Filter>Game</Filter>
    </ClCompile>
    <ClCompile Include="Game\Arrow.cpp">
      <Filter>Game</Filter>
    </ClCompile>
  </ItemGroup>
  <ItemGroup>
    <Filter Include="Base">
      <UniqueIdentifier>{92d21a0f-3d8d-4a8b-8c39-31fd384788c0}</UniqueIdentifier>
    </Filter>
    <Filter Include="Game">
      <UniqueIdentifier>{3f01e8b2-9cb0-43f7-a56b-0dde0f51209f}</UniqueIdentifier>
    </Filter>
    <Filter Include="Title">
      <UniqueIdentifier>{112787be-e69e-49e0-9e41-60aecbad9712}</UniqueIdentifier>
    </Filter>
  </ItemGroup>
  <ItemGroup>
    <ClInclude Include="Base\Base.h">
      <Filter>Base</Filter>
    </ClInclude>
    <ClInclude Include="Game\Player.h">
      <Filter>Game</Filter>
    </ClInclude>
    <ClInclude Include="Game\Enemy.h">
      <Filter>Game</Filter>
    </ClInclude>
    <ClInclude Include="Game\Bullet.h">
      <Filter>Game</Filter>
    </ClInclude>
    <ClInclude Include="Game\Map.h">
      <Filter>Game</Filter>
    </ClInclude>
    <ClInclude Include="Title\Title.h">
      <Filter>Title</Filter>
    </ClInclude>
    <ClInclude Include="Game\Game.h">
      <Filter>Game</Filter>
    </ClInclude>
    <ClInclude Include="Game\Game2.h">
      <Filter>Game</Filter>
    </ClInclude>
    <ClInclude Include="Game\Game3.h">
      <Filter>Game</Filter>
    </ClInclude>
    <ClInclude Include="Game\Bullet2.h">
      <Filter>Game</Filter>
    </ClInclude>
    <ClInclude Include="Game\Enemy2.h">
      <Filter>Game</Filter>
    </ClInclude>
    <ClInclude Include="Game\Player2.h">
      <Filter>Game</Filter>
    </ClInclude>
    <ClInclude Include="Game\Game4.h">
      <Filter>Game</Filter>
    </ClInclude>
    <ClInclude Include="Game\Game5.h">
      <Filter>Game</Filter>
    </ClInclude>
    <ClInclude Include="Game\Boss.h">
      <Filter>Game</Filter>
    </ClInclude>
    <ClInclude Include="Game\Stage.h">
      <Filter>Game</Filter>
    </ClInclude>
    <ClInclude Include="Game\Arrow.h">
      <Filter>Game</Filter>
    </ClInclude>
  </ItemGroup>
</Project>